
Microsoft Visual Studio Solution File, Format Version 12.00
# Visual Studio Version 17
VisualStudioVersion = 17.11.35303.130
MinimumVisualStudioVersion = 10.0.40219.1
Project("{2150E333-8FDC-42A3-9474-1A3956D46DE8}") = "Task0", "Task0", "{717D9E1F-DA36-4228-B0FB-05AC4FDB95AD}"
EndProject
Project("{9A19103F-16F7-4668-BE54-9A1E7A4F7556}") = "Tyuiu.SafarovTA.Sprint2.Task0.V11", "Tyuiu.SafarovTA.Sprint2.Task0.V11\Tyuiu.SafarovTA.Sprint2.Task0.V11.csproj", "{D74578EE-3CE8-446D-B166-49386B00B5E8}"
EndProject
Project("{9A19103F-16F7-4668-BE54-9A1E7A4F7556}") = "Tyuiu.SafarovTA.Sprint2.Task0.V11.Test", "Tyuiu.SafarovTA.Sprint2.Task0.V11.Test\Tyuiu.SafarovTA.Sprint2.Task0.V11.Test.csproj", "{A42336EC-1B5D-4B12-9724-A340F7F3E43A}"
EndProject
Project("{9A19103F-16F7-4668-BE54-9A1E7A4F7556}") = "Tyuiu.SafarovTA.Sprint2.Task0.V11.Lib", "Tyuiu.SafarovTA.Sprint2.Task0.V11.Lib\Tyuiu.SafarovTA.Sprint2.Task0.V11.Lib.csproj", "{614A111B-EDE7-49FD-9FFE-556B21FC95FD}"
EndProject
Project("{2150E333-8FDC-42A3-9474-1A3956D46DE8}") = "Task1", "Task1", "{CCC45088-8A58-4512-9318-E7FA6634F03D}"
EndProject
Project("{9A19103F-16F7-4668-BE54-9A1E7A4F7556}") = "Tyuiu.SafarovTA.Sprint2.Task1.V6", "Tyuiu.SafarovTA.Sprint2.Task1.V6\Tyuiu.SafarovTA.Sprint2.Task1.V6.csproj", "{D31D58F5-8445-4780-9854-2377E2EB7495}"
EndProject
Project("{9A19103F-16F7-4668-BE54-9A1E7A4F7556}") = "Tyuiu.SafarovTA.Sprint2.Task1.V6.Test", "Tyuiu.SafarovTA.Sprint2.Task1.V6.Test\Tyuiu.SafarovTA.Sprint2.Task1.V6.Test.csproj", "{BDD42061-4D7D-4D83-A1F4-F11E8D1AD221}"
EndProject
Project("{9A19103F-16F7-4668-BE54-9A1E7A4F7556}") = "Tyuiu.SafarovTA.Sprint2.Task1.V6.Lib", "Tyuiu.SafarovTA.Sprint2.Task1.V6.Lib\Tyuiu.SafarovTA.Sprint2.Task1.V6.Lib.csproj", "{AAE3FE3F-A550-44DF-9CA4-5A990A47B9EA}"
EndProject
Project("{2150E333-8FDC-42A3-9474-1A3956D46DE8}") = "Task2", "Task2", "{DCDBCAAC-CEEA-419B-9089-FD0AE7964E58}"
EndProject
Project("{9A19103F-16F7-4668-BE54-9A1E7A4F7556}") = "Tyuiu.SafarovTA.Sprint2.Task2.V30", "Tyuiu.SafarovTA.Sprint2.Task2.V30\Tyuiu.SafarovTA.Sprint2.Task2.V30.csproj", "{0819BFCD-26E8-4987-B25B-D5CC42CC4FD7}"
EndProject
Project("{9A19103F-16F7-4668-BE54-9A1E7A4F7556}") = "Tyuiu.SafarovTA.Sprint2.Task2.V30.Lib", "Tyuiu.SafarovTA.Sprint2.Task2.V30.Lib\Tyuiu.SafarovTA.Sprint2.Task2.V30.Lib.csproj", "{30F131E4-A34E-4C04-B142-F5C549459E0E}"
EndProject
Project("{9A19103F-16F7-4668-BE54-9A1E7A4F7556}") = "Tyuiu.SafarovTA.Sprint2.Task2.V30.Test", "Tyuiu.SafarovTA.Sprint2.Task2.V30.Test\Tyuiu.SafarovTA.Sprint2.Task2.V30.Test.csproj", "{C5A2EF87-703E-4C2B-83CB-E2131C96CC03}"
EndProject
Project("{2150E333-8FDC-42A3-9474-1A3956D46DE8}") = "Task3", "Task3", "{60187DDB-F298-4C85-81C8-0E16BBC44B14}"
EndProject
Project("{9A19103F-16F7-4668-BE54-9A1E7A4F7556}") = "Tyuiu.SafarovTA.Sprint2.Task3.V11", "Tyuiu.SafarovTA.Sprint2.Task3.V11\Tyuiu.SafarovTA.Sprint2.Task3.V11.csproj", "{2AD3FB65-C560-4097-9377-8EB2C6BA00AD}"
EndProject
Project("{9A19103F-16F7-4668-BE54-9A1E7A4F7556}") = "Tyuiu.SafarovTA.Sprint2.Task3.V11.Test", "Tyuiu.SafarovTA.Sprint2.Task3.V11.Test\Tyuiu.SafarovTA.Sprint2.Task3.V11.Test.csproj", "{0A5183A0-83E3-4E92-899D-C25BB7AE4002}"
EndProject
Project("{9A19103F-16F7-4668-BE54-9A1E7A4F7556}") = "Tyuiu.SafarovTA.Sprint2.Task3.V11.Lib", "Tyuiu.SafarovTA.Sprint2.Task3.V11.Lib\Tyuiu.SafarovTA.Sprint2.Task3.V11.Lib.csproj", "{CA3EDBB4-DE7A-4051-B5F5-1844C828624A}"
EndProject
Project("{2150E333-8FDC-42A3-9474-1A3956D46DE8}") = "Task4", "Task4", "{5815FFD5-663C-4EAB-9541-026D6BEC4E64}"
EndProject
Project("{9A19103F-16F7-4668-BE54-9A1E7A4F7556}") = "Tyuiu.SafarovTA.Sprint2.Task4.V16", "Tyuiu.SafarovTA.Sprint2.Task4.V16\Tyuiu.SafarovTA.Sprint2.Task4.V16.csproj", "{99E20A71-9E9D-4246-A4CF-97BD990DA9D2}"
EndProject
Project("{9A19103F-16F7-4668-BE54-9A1E7A4F7556}") = "Tyuiu.SafarovTA.Sprint2.Task4.V16.Lib", "Tyuiu.SafarovTA.Sprint2.Task4.V16.Lib\Tyuiu.SafarovTA.Sprint2.Task4.V16.Lib.csproj", "{EB0F85B1-AE85-4A15-B074-D28DE6DBE897}"
EndProject
Project("{9A19103F-16F7-4668-BE54-9A1E7A4F7556}") = "Tyuiu.SafarovTA.Sprint2.Task4.V16.Test", "Tyuiu.SafarovTA.Sprint2.Task4.V16.Test\Tyuiu.SafarovTA.Sprint2.Task4.V16.Test.csproj", "{26449D2A-A9C0-4D91-A04F-E8AE46710A10}"
EndProject
Project("{2150E333-8FDC-42A3-9474-1A3956D46DE8}") = "Task5", "Task5", "{BC67440E-3265-4FD9-8BDB-50E53FC75E24}"
EndProject
Project("{9A19103F-16F7-4668-BE54-9A1E7A4F7556}") = "Tyuiu.SafarovTA.Sprint2.Task5.V8", "Tyuiu.SafarovTA.Sprint2.Task5.V8\Tyuiu.SafarovTA.Sprint2.Task5.V8.csproj", "{A841D736-F738-4D23-A65C-64A08DA6055D}"
EndProject
Project("{9A19103F-16F7-4668-BE54-9A1E7A4F7556}") = "Tyuiu.SafarovTA.Sprint2.Task5.V8.Lib", "Tyuiu.SafarovTA.Sprint2.Task5.V8.Lib\Tyuiu.SafarovTA.Sprint2.Task5.V8.Lib.csproj", "{08245CB2-1C4A-458D-89A6-3F015FF12626}"
EndProject
Project("{9A19103F-16F7-4668-BE54-9A1E7A4F7556}") = "Tyuiu.SafarovTA.Sprint2.Task5.V8.Test", "Tyuiu.SafarovTA.Sprint2.Task5.V8.Test\Tyuiu.SafarovTA.Sprint2.Task5.V8.Test.csproj", "{90B3B1A7-DE8A-4269-AEA0-1AA7A5F28815}"
EndProject
Project("{2150E333-8FDC-42A3-9474-1A3956D46DE8}") = "Task6", "Task6", "{1BD7AC24-F907-4C74-99A0-126022ED1F42}"
EndProject
Project("{FAE04EC0-301F-11D3-BF4B-00C04F79EFBC}") = "Tyuiu.SafarovTA.Sprint2.Task6.V11", "Tyuiu.SafarovTA.Sprint2.Task6.V11\Tyuiu.SafarovTA.Sprint2.Task6.V11.csproj", "{33D87C73-3C57-4ABF-BB3B-03D2CAA10D47}"
EndProject
Project("{FAE04EC0-301F-11D3-BF4B-00C04F79EFBC}") = "Tyuiu.SafarovTA.Sprint2.Task6.V11.Lib", "Tyuiu.SafarovTA.Sprint2.Task6.V11.Lib\Tyuiu.SafarovTA.Sprint2.Task6.V11.Lib.csproj", "{9055F991-D3E2-4C68-97BD-A69825280E0E}"
EndProject
Project("{FAE04EC0-301F-11D3-BF4B-00C04F79EFBC}") = "Tyuiu.SafarovTA.Sprint2.Task6.V11.Test", "Tyuiu.SafarovTA.Sprint2.Task6.V11.Test\Tyuiu.SafarovTA.Sprint2.Task6.V11.Test.csproj", "{AA42B726-18D4-49BE-94FE-A2933CDB07A6}"
EndProject
Global
	GlobalSection(SolutionConfigurationPlatforms) = preSolution
		Debug|Any CPU = Debug|Any CPU
		Release|Any CPU = Release|Any CPU
	EndGlobalSection
	GlobalSection(ProjectConfigurationPlatforms) = postSolution
		{D74578EE-3CE8-446D-B166-49386B00B5E8}.Debug|Any CPU.ActiveCfg = Debug|Any CPU
		{D74578EE-3CE8-446D-B166-49386B00B5E8}.Debug|Any CPU.Build.0 = Debug|Any CPU
		{D74578EE-3CE8-446D-B166-49386B00B5E8}.Release|Any CPU.ActiveCfg = Release|Any CPU
		{D74578EE-3CE8-446D-B166-49386B00B5E8}.Release|Any CPU.Build.0 = Release|Any CPU
		{A42336EC-1B5D-4B12-9724-A340F7F3E43A}.Debug|Any CPU.ActiveCfg = Debug|Any CPU
		{A42336EC-1B5D-4B12-9724-A340F7F3E43A}.Debug|Any CPU.Build.0 = Debug|Any CPU
		{A42336EC-1B5D-4B12-9724-A340F7F3E43A}.Release|Any CPU.ActiveCfg = Release|Any CPU
		{A42336EC-1B5D-4B12-9724-A340F7F3E43A}.Release|Any CPU.Build.0 = Release|Any CPU
		{614A111B-EDE7-49FD-9FFE-556B21FC95FD}.Debug|Any CPU.ActiveCfg = Debug|Any CPU
		{614A111B-EDE7-49FD-9FFE-556B21FC95FD}.Debug|Any CPU.Build.0 = Debug|Any CPU
		{614A111B-EDE7-49FD-9FFE-556B21FC95FD}.Release|Any CPU.ActiveCfg = Release|Any CPU
		{614A111B-EDE7-49FD-9FFE-556B21FC95FD}.Release|Any CPU.Build.0 = Release|Any CPU
		{D31D58F5-8445-4780-9854-2377E2EB7495}.Debug|Any CPU.ActiveCfg = Debug|Any CPU
		{D31D58F5-8445-4780-9854-2377E2EB7495}.Debug|Any CPU.Build.0 = Debug|Any CPU
		{D31D58F5-8445-4780-9854-2377E2EB7495}.Release|Any CPU.ActiveCfg = Release|Any CPU
		{D31D58F5-8445-4780-9854-2377E2EB7495}.Release|Any CPU.Build.0 = Release|Any CPU
		{BDD42061-4D7D-4D83-A1F4-F11E8D1AD221}.Debug|Any CPU.ActiveCfg = Debug|Any CPU
		{BDD42061-4D7D-4D83-A1F4-F11E8D1AD221}.Debug|Any CPU.Build.0 = Debug|Any CPU
		{BDD42061-4D7D-4D83-A1F4-F11E8D1AD221}.Release|Any CPU.ActiveCfg = Release|Any CPU
		{BDD42061-4D7D-4D83-A1F4-F11E8D1AD221}.Release|Any CPU.Build.0 = Release|Any CPU
		{AAE3FE3F-A550-44DF-9CA4-5A990A47B9EA}.Debug|Any CPU.ActiveCfg = Debug|Any CPU
		{AAE3FE3F-A550-44DF-9CA4-5A990A47B9EA}.Debug|Any CPU.Build.0 = Debug|Any CPU
		{AAE3FE3F-A550-44DF-9CA4-5A990A47B9EA}.Release|Any CPU.ActiveCfg = Release|Any CPU
		{AAE3FE3F-A550-44DF-9CA4-5A990A47B9EA}.Release|Any CPU.Build.0 = Release|Any CPU
		{0819BFCD-26E8-4987-B25B-D5CC42CC4FD7}.Debug|Any CPU.ActiveCfg = Debug|Any CPU
		{0819BFCD-26E8-4987-B25B-D5CC42CC4FD7}.Debug|Any CPU.Build.0 = Debug|Any CPU
		{0819BFCD-26E8-4987-B25B-D5CC42CC4FD7}.Release|Any CPU.ActiveCfg = Release|Any CPU
		{0819BFCD-26E8-4987-B25B-D5CC42CC4FD7}.Release|Any CPU.Build.0 = Release|Any CPU
		{30F131E4-A34E-4C04-B142-F5C549459E0E}.Debug|Any CPU.ActiveCfg = Debug|Any CPU
		{30F131E4-A34E-4C04-B142-F5C549459E0E}.Debug|Any CPU.Build.0 = Debug|Any CPU
		{30F131E4-A34E-4C04-B142-F5C549459E0E}.Release|Any CPU.ActiveCfg = Release|Any CPU
		{30F131E4-A34E-4C04-B142-F5C549459E0E}.Release|Any CPU.Build.0 = Release|Any CPU
		{C5A2EF87-703E-4C2B-83CB-E2131C96CC03}.Debug|Any CPU.ActiveCfg = Debug|Any CPU
		{C5A2EF87-703E-4C2B-83CB-E2131C96CC03}.Debug|Any CPU.Build.0 = Debug|Any CPU
		{C5A2EF87-703E-4C2B-83CB-E2131C96CC03}.Release|Any CPU.ActiveCfg = Release|Any CPU
		{C5A2EF87-703E-4C2B-83CB-E2131C96CC03}.Release|Any CPU.Build.0 = Release|Any CPU
		{2AD3FB65-C560-4097-9377-8EB2C6BA00AD}.Debug|Any CPU.ActiveCfg = Debug|Any CPU
		{2AD3FB65-C560-4097-9377-8EB2C6BA00AD}.Debug|Any CPU.Build.0 = Debug|Any CPU
		{2AD3FB65-C560-4097-9377-8EB2C6BA00AD}.Release|Any CPU.ActiveCfg = Release|Any CPU
		{2AD3FB65-C560-4097-9377-8EB2C6BA00AD}.Release|Any CPU.Build.0 = Release|Any CPU
		{0A5183A0-83E3-4E92-899D-C25BB7AE4002}.Debug|Any CPU.ActiveCfg = Debug|Any CPU
		{0A5183A0-83E3-4E92-899D-C25BB7AE4002}.Debug|Any CPU.Build.0 = Debug|Any CPU
		{0A5183A0-83E3-4E92-899D-C25BB7AE4002}.Release|Any CPU.ActiveCfg = Release|Any CPU
		{0A5183A0-83E3-4E92-899D-C25BB7AE4002}.Release|Any CPU.Build.0 = Release|Any CPU
		{CA3EDBB4-DE7A-4051-B5F5-1844C828624A}.Debug|Any CPU.ActiveCfg = Debug|Any CPU
		{CA3EDBB4-DE7A-4051-B5F5-1844C828624A}.Debug|Any CPU.Build.0 = Debug|Any CPU
		{CA3EDBB4-DE7A-4051-B5F5-1844C828624A}.Release|Any CPU.ActiveCfg = Release|Any CPU
		{CA3EDBB4-DE7A-4051-B5F5-1844C828624A}.Release|Any CPU.Build.0 = Release|Any CPU
		{99E20A71-9E9D-4246-A4CF-97BD990DA9D2}.Debug|Any CPU.ActiveCfg = Debug|Any CPU
		{99E20A71-9E9D-4246-A4CF-97BD990DA9D2}.Debug|Any CPU.Build.0 = Debug|Any CPU
		{99E20A71-9E9D-4246-A4CF-97BD990DA9D2}.Release|Any CPU.ActiveCfg = Release|Any CPU
		{99E20A71-9E9D-4246-A4CF-97BD990DA9D2}.Release|Any CPU.Build.0 = Release|Any CPU
		{EB0F85B1-AE85-4A15-B074-D28DE6DBE897}.Debug|Any CPU.ActiveCfg = Debug|Any CPU
		{EB0F85B1-AE85-4A15-B074-D28DE6DBE897}.Debug|Any CPU.Build.0 = Debug|Any CPU
		{EB0F85B1-AE85-4A15-B074-D28DE6DBE897}.Release|Any CPU.ActiveCfg = Release|Any CPU
		{EB0F85B1-AE85-4A15-B074-D28DE6DBE897}.Release|Any CPU.Build.0 = Release|Any CPU
		{26449D2A-A9C0-4D91-A04F-E8AE46710A10}.Debug|Any CPU.ActiveCfg = Debug|Any CPU
		{26449D2A-A9C0-4D91-A04F-E8AE46710A10}.Debug|Any CPU.Build.0 = Debug|Any CPU
		{26449D2A-A9C0-4D91-A04F-E8AE46710A10}.Release|Any CPU.ActiveCfg = Release|Any CPU
		{26449D2A-A9C0-4D91-A04F-E8AE46710A10}.Release|Any CPU.Build.0 = Release|Any CPU
		{A841D736-F738-4D23-A65C-64A08DA6055D}.Debug|Any CPU.ActiveCfg = Debug|Any CPU
		{A841D736-F738-4D23-A65C-64A08DA6055D}.Debug|Any CPU.Build.0 = Debug|Any CPU
		{A841D736-F738-4D23-A65C-64A08DA6055D}.Release|Any CPU.ActiveCfg = Release|Any CPU
		{A841D736-F738-4D23-A65C-64A08DA6055D}.Release|Any CPU.Build.0 = Release|Any CPU
		{08245CB2-1C4A-458D-89A6-3F015FF12626}.Debug|Any CPU.ActiveCfg = Debug|Any CPU
		{08245CB2-1C4A-458D-89A6-3F015FF12626}.Debug|Any CPU.Build.0 = Debug|Any CPU
		{08245CB2-1C4A-458D-89A6-3F015FF12626}.Release|Any CPU.ActiveCfg = Release|Any CPU
		{08245CB2-1C4A-458D-89A6-3F015FF12626}.Release|Any CPU.Build.0 = Release|Any CPU
		{90B3B1A7-DE8A-4269-AEA0-1AA7A5F28815}.Debug|Any CPU.ActiveCfg = Debug|Any CPU
		{90B3B1A7-DE8A-4269-AEA0-1AA7A5F28815}.Debug|Any CPU.Build.0 = Debug|Any CPU
		{90B3B1A7-DE8A-4269-AEA0-1AA7A5F28815}.Release|Any CPU.ActiveCfg = Release|Any CPU
		{90B3B1A7-DE8A-4269-AEA0-1AA7A5F28815}.Release|Any CPU.Build.0 = Release|Any CPU
		{33D87C73-3C57-4ABF-BB3B-03D2CAA10D47}.Debug|Any CPU.ActiveCfg = Debug|Any CPU
		{33D87C73-3C57-4ABF-BB3B-03D2CAA10D47}.Debug|Any CPU.Build.0 = Debug|Any CPU
		{33D87C73-3C57-4ABF-BB3B-03D2CAA10D47}.Release|Any CPU.ActiveCfg = Release|Any CPU
		{33D87C73-3C57-4ABF-BB3B-03D2CAA10D47}.Release|Any CPU.Build.0 = Release|Any CPU
		{9055F991-D3E2-4C68-97BD-A69825280E0E}.Debug|Any CPU.ActiveCfg = Debug|Any CPU
		{9055F991-D3E2-4C68-97BD-A69825280E0E}.Debug|Any CPU.Build.0 = Debug|Any CPU
		{9055F991-D3E2-4C68-97BD-A69825280E0E}.Release|Any CPU.ActiveCfg = Release|Any CPU
		{9055F991-D3E2-4C68-97BD-A69825280E0E}.Release|Any CPU.Build.0 = Release|Any CPU
		{AA42B726-18D4-49BE-94FE-A2933CDB07A6}.Debug|Any CPU.ActiveCfg = Debug|Any CPU
		{AA42B726-18D4-49BE-94FE-A2933CDB07A6}.Debug|Any CPU.Build.0 = Debug|Any CPU
		{AA42B726-18D4-49BE-94FE-A2933CDB07A6}.Release|Any CPU.ActiveCfg = Release|Any CPU
		{AA42B726-18D4-49BE-94FE-A2933CDB07A6}.Release|Any CPU.Build.0 = Release|Any CPU
	EndGlobalSection
	GlobalSection(SolutionProperties) = preSolution
		HideSolutionNode = FALSE
	EndGlobalSection
	GlobalSection(NestedProjects) = preSolution
		{D74578EE-3CE8-446D-B166-49386B00B5E8} = {717D9E1F-DA36-4228-B0FB-05AC4FDB95AD}
		{A42336EC-1B5D-4B12-9724-A340F7F3E43A} = {717D9E1F-DA36-4228-B0FB-05AC4FDB95AD}
		{614A111B-EDE7-49FD-9FFE-556B21FC95FD} = {717D9E1F-DA36-4228-B0FB-05AC4FDB95AD}
		{D31D58F5-8445-4780-9854-2377E2EB7495} = {CCC45088-8A58-4512-9318-E7FA6634F03D}
		{BDD42061-4D7D-4D83-A1F4-F11E8D1AD221} = {CCC45088-8A58-4512-9318-E7FA6634F03D}
		{AAE3FE3F-A550-44DF-9CA4-5A990A47B9EA} = {CCC45088-8A58-4512-9318-E7FA6634F03D}
		{0819BFCD-26E8-4987-B25B-D5CC42CC4FD7} = {DCDBCAAC-CEEA-419B-9089-FD0AE7964E58}
		{30F131E4-A34E-4C04-B142-F5C549459E0E} = {DCDBCAAC-CEEA-419B-9089-FD0AE7964E58}
		{C5A2EF87-703E-4C2B-83CB-E2131C96CC03} = {DCDBCAAC-CEEA-419B-9089-FD0AE7964E58}
		{2AD3FB65-C560-4097-9377-8EB2C6BA00AD} = {60187DDB-F298-4C85-81C8-0E16BBC44B14}
		{0A5183A0-83E3-4E92-899D-C25BB7AE4002} = {60187DDB-F298-4C85-81C8-0E16BBC44B14}
		{CA3EDBB4-DE7A-4051-B5F5-1844C828624A} = {60187DDB-F298-4C85-81C8-0E16BBC44B14}
		{99E20A71-9E9D-4246-A4CF-97BD990DA9D2} = {5815FFD5-663C-4EAB-9541-026D6BEC4E64}
		{EB0F85B1-AE85-4A15-B074-D28DE6DBE897} = {5815FFD5-663C-4EAB-9541-026D6BEC4E64}
		{26449D2A-A9C0-4D91-A04F-E8AE46710A10} = {5815FFD5-663C-4EAB-9541-026D6BEC4E64}
		{A841D736-F738-4D23-A65C-64A08DA6055D} = {BC67440E-3265-4FD9-8BDB-50E53FC75E24}
		{08245CB2-1C4A-458D-89A6-3F015FF12626} = {BC67440E-3265-4FD9-8BDB-50E53FC75E24}
		{90B3B1A7-DE8A-4269-AEA0-1AA7A5F28815} = {BC67440E-3265-4FD9-8BDB-50E53FC75E24}
		{33D87C73-3C57-4ABF-BB3B-03D2CAA10D47} = {1BD7AC24-F907-4C74-99A0-126022ED1F42}
		{9055F991-D3E2-4C68-97BD-A69825280E0E} = {1BD7AC24-F907-4C74-99A0-126022ED1F42}
		{AA42B726-18D4-49BE-94FE-A2933CDB07A6} = {1BD7AC24-F907-4C74-99A0-126022ED1F42}
	EndGlobalSection
	GlobalSection(ExtensibilityGlobals) = postSolution
		SolutionGuid = {34E2BF52-B1D5-4A04-9A04-789612F937FE}
	EndGlobalSection
EndGlobal
